
Microsoft Visual Studio Solution File, Format Version 12.00
# Visual Studio Version 17
VisualStudioVersion = 17.3.32825.248
MinimumVisualStudioVersion = 10.0.40219.1
Project("{9A19103F-16F7-4668-BE54-9A1E7A4F7556}") = "SteamExperiments", "SteamExperiments\SteamExperiments.csproj", "{5C1CDF06-C54A-421D-9A57-33EBC75C924C}"
EndProject
Project("{9A19103F-16F7-4668-BE54-9A1E7A4F7556}") = "SteamKeysApp", "SteamKeysApp\SteamKeysApp.csproj", "{0A94E4B7-EE09-47B6-AD2D-73DA190C57B9}"
EndProject
Project("{FAE04EC0-301F-11D3-BF4B-00C04F79EFBC}") = "TryParseSteam", "TryParseSteam\TryParseSteam.csproj", "{2C945B50-8A6A-4F2D-A2CE-791E883A53EF}"
EndProject
Project("{9A19103F-16F7-4668-BE54-9A1E7A4F7556}") = "WebSteamParser", "WebSteamParser\WebSteamParser.csproj", "{7A912DAF-D285-4CD4-944D-EEF1F38939B1}"
EndProject
Global
	GlobalSection(SolutionConfigurationPlatforms) = preSolution
		Debug|Any CPU = Debug|Any CPU
		Release|Any CPU = Release|Any CPU
	EndGlobalSection
	GlobalSection(ProjectConfigurationPlatforms) = postSolution
		{5C1CDF06-C54A-421D-9A57-33EBC75C924C}.Debug|Any CPU.ActiveCfg = Debug|Any CPU
		{5C1CDF06-C54A-421D-9A57-33EBC75C924C}.Debug|Any CPU.Build.0 = Debug|Any CPU
		{5C1CDF06-C54A-421D-9A57-33EBC75C924C}.Release|Any CPU.ActiveCfg = Release|Any CPU
		{5C1CDF06-C54A-421D-9A57-33EBC75C924C}.Release|Any CPU.Build.0 = Release|Any CPU
		{0A94E4B7-EE09-47B6-AD2D-73DA190C57B9}.Debug|Any CPU.ActiveCfg = Debug|Any CPU
		{0A94E4B7-EE09-47B6-AD2D-73DA190C57B9}.Debug|Any CPU.Build.0 = Debug|Any CPU
		{0A94E4B7-EE09-47B6-AD2D-73DA190C57B9}.Debug|Any CPU.Deploy.0 = Debug|Any CPU
		{0A94E4B7-EE09-47B6-AD2D-73DA190C57B9}.Release|Any CPU.ActiveCfg = Release|Any CPU
		{0A94E4B7-EE09-47B6-AD2D-73DA190C57B9}.Release|Any CPU.Build.0 = Release|Any CPU
		{0A94E4B7-EE09-47B6-AD2D-73DA190C57B9}.Release|Any CPU.Deploy.0 = Release|Any CPU
		{2C945B50-8A6A-4F2D-A2CE-791E883A53EF}.Debug|Any CPU.ActiveCfg = Debug|Any CPU
		{2C945B50-8A6A-4F2D-A2CE-791E883A53EF}.Debug|Any CPU.Build.0 = Debug|Any CPU
		{2C945B50-8A6A-4F2D-A2CE-791E883A53EF}.Release|Any CPU.ActiveCfg = Release|Any CPU
		{2C945B50-8A6A-4F2D-A2CE-791E883A53EF}.Release|Any CPU.Build.0 = Release|Any CPU
		{7A912DAF-D285-4CD4-944D-EEF1F38939B1}.Debug|Any CPU.ActiveCfg = Debug|Any CPU
		{7A912DAF-D285-4CD4-944D-EEF1F38939B1}.Debug|Any CPU.Build.0 = Debug|Any CPU
		{7A912DAF-D285-4CD4-944D-EEF1F38939B1}.Release|Any CPU.ActiveCfg = Release|Any CPU
		{7A912DAF-D285-4CD4-944D-EEF1F38939B1}.Release|Any CPU.Build.0 = Release|Any CPU
	EndGlobalSection
	GlobalSection(SolutionProperties) = preSolution
		HideSolutionNode = FALSE
	EndGlobalSection
	GlobalSection(ExtensibilityGlobals) = postSolution
		SolutionGuid = {4F928A16-188D-4391-9CC0-F100C8818D48}
	EndGlobalSection
EndGlobal
